
Microsoft Visual Studio Solution File, Format Version 12.00
# Visual Studio Version 17
VisualStudioVersion = 17.7.34202.233
MinimumVisualStudioVersion = 10.0.40219.1
Project("{FAE04EC0-301F-11D3-BF4B-00C04F79EFBC}") = "LearningHub.API", "LearningHub.API.csproj", "{0575402E-3ACC-426E-A17D-38161346DB43}"
EndProject
Project("{FAE04EC0-301F-11D3-BF4B-00C04F79EFBC}") = "LearningHub.infra", "..\LearningHub.infra\LearningHub.infra.csproj", "{5D2723E5-C6A1-487D-81AC-B296B19825C1}"
EndProject
Project("{FAE04EC0-301F-11D3-BF4B-00C04F79EFBC}") = "LearningHub.Core", "..\LearningHub.Core\LearningHub.Core.csproj", "{9AF73938-6CAD-4286-B54F-175458EA0664}"
EndProject
Global
	GlobalSection(SolutionConfigurationPlatforms) = preSolution
		Debug|Any CPU = Debug|Any CPU
		Release|Any CPU = Release|Any CPU
	EndGlobalSection
	GlobalSection(ProjectConfigurationPlatforms) = postSolution
		{0575402E-3ACC-426E-A17D-38161346DB43}.Debug|Any CPU.ActiveCfg = Debug|Any CPU
		{0575402E-3ACC-426E-A17D-38161346DB43}.Debug|Any CPU.Build.0 = Debug|Any CPU
		{0575402E-3ACC-426E-A17D-38161346DB43}.Release|Any CPU.ActiveCfg = Release|Any CPU
		{0575402E-3ACC-426E-A17D-38161346DB43}.Release|Any CPU.Build.0 = Release|Any CPU
		{5D2723E5-C6A1-487D-81AC-B296B19825C1}.Debug|Any CPU.ActiveCfg = Debug|Any CPU
		{5D2723E5-C6A1-487D-81AC-B296B19825C1}.Debug|Any CPU.Build.0 = Debug|Any CPU
		{5D2723E5-C6A1-487D-81AC-B296B19825C1}.Release|Any CPU.ActiveCfg = Release|Any CPU
		{5D2723E5-C6A1-487D-81AC-B296B19825C1}.Release|Any CPU.Build.0 = Release|Any CPU
		{9AF73938-6CAD-4286-B54F-175458EA0664}.Debug|Any CPU.ActiveCfg = Debug|Any CPU
		{9AF73938-6CAD-4286-B54F-175458EA0664}.Debug|Any CPU.Build.0 = Debug|Any CPU
		{9AF73938-6CAD-4286-B54F-175458EA0664}.Release|Any CPU.ActiveCfg = Release|Any CPU
		{9AF73938-6CAD-4286-B54F-175458EA0664}.Release|Any CPU.Build.0 = Release|Any CPU
	EndGlobalSection
	GlobalSection(SolutionProperties) = preSolution
		HideSolutionNode = FALSE
	EndGlobalSection
	GlobalSection(ExtensibilityGlobals) = postSolution
		SolutionGuid = {B3B84CC5-0C3A-4D50-8931-FF4D5A82EC76}
	EndGlobalSection
EndGlobal
